// !$*UTF8*$!
{
	archiveVersion = 1;
	classes = {
	};
	objectVersion = 56;
	objects = {

/* Begin PBXBuildFile section */
		5ED6F2F629D53DC600D5B00D /* AppDelegate.swift in Sources */ = {isa = PBXBuildFile; fileRef = 5ED6F2F529D53DC600D5B00D /* AppDelegate.swift */; };
		5ED6F2F829D53DC600D5B00D /* SceneDelegate.swift in Sources */ = {isa = PBXBuildFile; fileRef = 5ED6F2F729D53DC600D5B00D /* SceneDelegate.swift */; };
		5ED6F2FA29D53DC600D5B00D /* ViewController.swift in Sources */ = {isa = PBXBuildFile; fileRef = 5ED6F2F929D53DC600D5B00D /* ViewController.swift */; };
		5ED6F2FD29D53DC600D5B00D /* Main.storyboard in Resources */ = {isa = PBXBuildFile; fileRef = 5ED6F2FB29D53DC600D5B00D /* Main.storyboard */; };
		5ED6F2FF29D53DCB00D5B00D /* Assets.xcassets in Resources */ = {isa = PBXBuildFile; fileRef = 5ED6F2FE29D53DCB00D5B00D /* Assets.xcassets */; };
		5ED6F30229D53DCB00D5B00D /* LaunchScreen.storyboard in Resources */ = {isa = PBXBuildFile; fileRef = 5ED6F30029D53DCB00D5B00D /* LaunchScreen.storyboard */; };
		5ED6F30D29D53DCB00D5B00D /* TokoMiniTests.swift in Sources */ = {isa = PBXBuildFile; fileRef = 5ED6F30C29D53DCB00D5B00D /* TokoMiniTests.swift */; };
		5ED6F31729D53DCB00D5B00D /* TokoMiniUITests.swift in Sources */ = {isa = PBXBuildFile; fileRef = 5ED6F31629D53DCB00D5B00D /* TokoMiniUITests.swift */; };
		5ED6F31929D53DCB00D5B00D /* TokoMiniUITestsLaunchTests.swift in Sources */ = {isa = PBXBuildFile; fileRef = 5ED6F31829D53DCB00D5B00D /* TokoMiniUITestsLaunchTests.swift */; };
		5ED6F32C29D53E5D00D5B00D /* WidgetKit.framework in Frameworks */ = {isa = PBXBuildFile; fileRef = 5ED6F32B29D53E5D00D5B00D /* WidgetKit.framework */; };
		5ED6F32E29D53E5D00D5B00D /* SwiftUI.framework in Frameworks */ = {isa = PBXBuildFile; fileRef = 5ED6F32D29D53E5D00D5B00D /* SwiftUI.framework */; };
		5ED6F33129D53E5D00D5B00D /* TokoMiniLockScreenWidgetBundle.swift in Sources */ = {isa = PBXBuildFile; fileRef = 5ED6F33029D53E5D00D5B00D /* TokoMiniLockScreenWidgetBundle.swift */; };
		5ED6F33329D53E5D00D5B00D /* TokoMiniLockScreenWidget.swift in Sources */ = {isa = PBXBuildFile; fileRef = 5ED6F33229D53E5D00D5B00D /* TokoMiniLockScreenWidget.swift */; };
		5ED6F33529D53E5E00D5B00D /* Assets.xcassets in Resources */ = {isa = PBXBuildFile; fileRef = 5ED6F33429D53E5E00D5B00D /* Assets.xcassets */; };
		5ED6F33929D53E5E00D5B00D /* TokoMiniLockScreenWidgetExtension.appex in Embed Foundation Extensions */ = {isa = PBXBuildFile; fileRef = 5ED6F32929D53E5D00D5B00D /* TokoMiniLockScreenWidgetExtension.appex */; settings = {ATTRIBUTES = (RemoveHeadersOnCopy, ); }; };
		5ED6F33F29D5461D00D5B00D /* Order.swift in Sources */ = {isa = PBXBuildFile; fileRef = 5ED6F33E29D5461D00D5B00D /* Order.swift */; };
		5ED6F34129D546A300D5B00D /* TokoMiniLockScreenWidgetEntry.swift in Sources */ = {isa = PBXBuildFile; fileRef = 5ED6F34029D546A300D5B00D /* TokoMiniLockScreenWidgetEntry.swift */; };
		5ED6F34329D5471500D5B00D /* TokoMiniLockScreenWidgetProvider.swift in Sources */ = {isa = PBXBuildFile; fileRef = 5ED6F34229D5471500D5B00D /* TokoMiniLockScreenWidgetProvider.swift */; };
/* End PBXBuildFile section */

/* Begin PBXContainerItemProxy section */
		5ED6F30929D53DCB00D5B00D /* PBXContainerItemProxy */ = {
			isa = PBXContainerItemProxy;
			containerPortal = 5ED6F2EA29D53DC600D5B00D /* Project object */;
			proxyType = 1;
			remoteGlobalIDString = 5ED6F2F129D53DC600D5B00D;
			remoteInfo = TokoMini;
		};
		5ED6F31329D53DCB00D5B00D /* PBXContainerItemProxy */ = {
			isa = PBXContainerItemProxy;
			containerPortal = 5ED6F2EA29D53DC600D5B00D /* Project object */;
			proxyType = 1;
			remoteGlobalIDString = 5ED6F2F129D53DC600D5B00D;
			remoteInfo = TokoMini;
		};
		5ED6F33729D53E5E00D5B00D /* PBXContainerItemProxy */ = {
			isa = PBXContainerItemProxy;
			containerPortal = 5ED6F2EA29D53DC600D5B00D /* Project object */;
			proxyType = 1;
			remoteGlobalIDString = 5ED6F32829D53E5D00D5B00D;
			remoteInfo = TokoMiniLockScreenWidgetExtension;
		};
/* End PBXContainerItemProxy section */

/* Begin PBXCopyFilesBuildPhase section */
		5ED6F33D29D53E5E00D5B00D /* Embed Foundation Extensions */ = {
			isa = PBXCopyFilesBuildPhase;
			buildActionMask = 2147483647;
			dstPath = "";
			dstSubfolderSpec = 13;
			files = (
				5ED6F33929D53E5E00D5B00D /* TokoMiniLockScreenWidgetExtension.appex in Embed Foundation Extensions */,
			);
			name = "Embed Foundation Extensions";
			runOnlyForDeploymentPostprocessing = 0;
		};
/* End PBXCopyFilesBuildPhase section */

/* Begin PBXFileReference section */
		5ED6F2F229D53DC600D5B00D /* TokoMini.app */ = {isa = PBXFileReference; explicitFileType = wrapper.application; includeInIndex = 0; path = TokoMini.app; sourceTree = BUILT_PRODUCTS_DIR; };
		5ED6F2F529D53DC600D5B00D /* AppDelegate.swift */ = {isa = PBXFileReference; lastKnownFileType = sourcecode.swift; path = AppDelegate.swift; sourceTree = "<group>"; };
		5ED6F2F729D53DC600D5B00D /* SceneDelegate.swift */ = {isa = PBXFileReference; lastKnownFileType = sourcecode.swift; path = SceneDelegate.swift; sourceTree = "<group>"; };
		5ED6F2F929D53DC600D5B00D /* ViewController.swift */ = {isa = PBXFileReference; lastKnownFileType = sourcecode.swift; path = ViewController.swift; sourceTree = "<group>"; };
		5ED6F2FC29D53DC600D5B00D /* Base */ = {isa = PBXFileReference; lastKnownFileType = file.storyboard; name = Base; path = Base.lproj/Main.storyboard; sourceTree = "<group>"; };
		5ED6F2FE29D53DCB00D5B00D /* Assets.xcassets */ = {isa = PBXFileReference; lastKnownFileType = folder.assetcatalog; path = Assets.xcassets; sourceTree = "<group>"; };
		5ED6F30129D53DCB00D5B00D /* Base */ = {isa = PBXFileReference; lastKnownFileType = file.storyboard; name = Base; path = Base.lproj/LaunchScreen.storyboard; sourceTree = "<group>"; };
		5ED6F30329D53DCB00D5B00D /* Info.plist */ = {isa = PBXFileReference; lastKnownFileType = text.plist.xml; path = Info.plist; sourceTree = "<group>"; };
		5ED6F30829D53DCB00D5B00D /* TokoMiniTests.xctest */ = {isa = PBXFileReference; explicitFileType = wrapper.cfbundle; includeInIndex = 0; path = TokoMiniTests.xctest; sourceTree = BUILT_PRODUCTS_DIR; };
		5ED6F30C29D53DCB00D5B00D /* TokoMiniTests.swift */ = {isa = PBXFileReference; lastKnownFileType = sourcecode.swift; path = TokoMiniTests.swift; sourceTree = "<group>"; };
		5ED6F31229D53DCB00D5B00D /* TokoMiniUITests.xctest */ = {isa = PBXFileReference; explicitFileType = wrapper.cfbundle; includeInIndex = 0; path = TokoMiniUITests.xctest; sourceTree = BUILT_PRODUCTS_DIR; };
		5ED6F31629D53DCB00D5B00D /* TokoMiniUITests.swift */ = {isa = PBXFileReference; lastKnownFileType = sourcecode.swift; path = TokoMiniUITests.swift; sourceTree = "<group>"; };
		5ED6F31829D53DCB00D5B00D /* TokoMiniUITestsLaunchTests.swift */ = {isa = PBXFileReference; lastKnownFileType = sourcecode.swift; path = TokoMiniUITestsLaunchTests.swift; sourceTree = "<group>"; };
		5ED6F32929D53E5D00D5B00D /* TokoMiniLockScreenWidgetExtension.appex */ = {isa = PBXFileReference; explicitFileType = "wrapper.app-extension"; includeInIndex = 0; path = TokoMiniLockScreenWidgetExtension.appex; sourceTree = BUILT_PRODUCTS_DIR; };
		5ED6F32B29D53E5D00D5B00D /* WidgetKit.framework */ = {isa = PBXFileReference; lastKnownFileType = wrapper.framework; name = WidgetKit.framework; path = System/Library/Frameworks/WidgetKit.framework; sourceTree = SDKROOT; };
		5ED6F32D29D53E5D00D5B00D /* SwiftUI.framework */ = {isa = PBXFileReference; lastKnownFileType = wrapper.framework; name = SwiftUI.framework; path = System/Library/Frameworks/SwiftUI.framework; sourceTree = SDKROOT; };
		5ED6F33029D53E5D00D5B00D /* TokoMiniLockScreenWidgetBundle.swift */ = {isa = PBXFileReference; lastKnownFileType = sourcecode.swift; path = TokoMiniLockScreenWidgetBundle.swift; sourceTree = "<group>"; };
		5ED6F33229D53E5D00D5B00D /* TokoMiniLockScreenWidget.swift */ = {isa = PBXFileReference; lastKnownFileType = sourcecode.swift; path = TokoMiniLockScreenWidget.swift; sourceTree = "<group>"; };
		5ED6F33429D53E5E00D5B00D /* Assets.xcassets */ = {isa = PBXFileReference; lastKnownFileType = folder.assetcatalog; path = Assets.xcassets; sourceTree = "<group>"; };
		5ED6F33629D53E5E00D5B00D /* Info.plist */ = {isa = PBXFileReference; lastKnownFileType = text.plist.xml; path = Info.plist; sourceTree = "<group>"; };
		5ED6F33E29D5461D00D5B00D /* Order.swift */ = {isa = PBXFileReference; lastKnownFileType = sourcecode.swift; path = Order.swift; sourceTree = "<group>"; };
		5ED6F34029D546A300D5B00D /* TokoMiniLockScreenWidgetEntry.swift */ = {isa = PBXFileReference; lastKnownFileType = sourcecode.swift; path = TokoMiniLockScreenWidgetEntry.swift; sourceTree = "<group>"; };
		5ED6F34229D5471500D5B00D /* TokoMiniLockScreenWidgetProvider.swift */ = {isa = PBXFileReference; lastKnownFileType = sourcecode.swift; path = TokoMiniLockScreenWidgetProvider.swift; sourceTree = "<group>"; };
/* End PBXFileReference section */

/* Begin PBXFrameworksBuildPhase section */
		5ED6F2EF29D53DC600D5B00D /* Frameworks */ = {
			isa = PBXFrameworksBuildPhase;
			buildActionMask = 2147483647;
			files = (
			);
			runOnlyForDeploymentPostprocessing = 0;
		};
		5ED6F30529D53DCB00D5B00D /* Frameworks */ = {
			isa = PBXFrameworksBuildPhase;
			buildActionMask = 2147483647;
			files = (
			);
			runOnlyForDeploymentPostprocessing = 0;
		};
		5ED6F30F29D53DCB00D5B00D /* Frameworks */ = {
			isa = PBXFrameworksBuildPhase;
			buildActionMask = 2147483647;
			files = (
			);
			runOnlyForDeploymentPostprocessing = 0;
		};
		5ED6F32629D53E5D00D5B00D /* Frameworks */ = {
			isa = PBXFrameworksBuildPhase;
			buildActionMask = 2147483647;
			files = (
				5ED6F32E29D53E5D00D5B00D /* SwiftUI.framework in Frameworks */,
				5ED6F32C29D53E5D00D5B00D /* WidgetKit.framework in Frameworks */,
			);
			runOnlyForDeploymentPostprocessing = 0;
		};
/* End PBXFrameworksBuildPhase section */

/* Begin PBXGroup section */
		5ED6F2E929D53DC600D5B00D = {
			isa = PBXGroup;
			children = (
				5ED6F2F429D53DC600D5B00D /* TokoMini */,
				5ED6F30B29D53DCB00D5B00D /* TokoMiniTests */,
				5ED6F31529D53DCB00D5B00D /* TokoMiniUITests */,
				5ED6F32F29D53E5D00D5B00D /* TokoMiniLockScreenWidget */,
				5ED6F32A29D53E5D00D5B00D /* Frameworks */,
				5ED6F2F329D53DC600D5B00D /* Products */,
			);
			sourceTree = "<group>";
		};
		5ED6F2F329D53DC600D5B00D /* Products */ = {
			isa = PBXGroup;
			children = (
				5ED6F2F229D53DC600D5B00D /* TokoMini.app */,
				5ED6F30829D53DCB00D5B00D /* TokoMiniTests.xctest */,
				5ED6F31229D53DCB00D5B00D /* TokoMiniUITests.xctest */,
				5ED6F32929D53E5D00D5B00D /* TokoMiniLockScreenWidgetExtension.appex */,
			);
			name = Products;
			sourceTree = "<group>";
		};
		5ED6F2F429D53DC600D5B00D /* TokoMini */ = {
			isa = PBXGroup;
			children = (
				5ED6F2F529D53DC600D5B00D /* AppDelegate.swift */,
				5ED6F2F729D53DC600D5B00D /* SceneDelegate.swift */,
				5ED6F2F929D53DC600D5B00D /* ViewController.swift */,
				5ED6F2FB29D53DC600D5B00D /* Main.storyboard */,
				5ED6F2FE29D53DCB00D5B00D /* Assets.xcassets */,
				5ED6F30029D53DCB00D5B00D /* LaunchScreen.storyboard */,
				5ED6F30329D53DCB00D5B00D /* Info.plist */,
			);
			path = TokoMini;
			sourceTree = "<group>";
		};
		5ED6F30B29D53DCB00D5B00D /* TokoMiniTests */ = {
			isa = PBXGroup;
			children = (
				5ED6F30C29D53DCB00D5B00D /* TokoMiniTests.swift */,
			);
			path = TokoMiniTests;
			sourceTree = "<group>";
		};
		5ED6F31529D53DCB00D5B00D /* TokoMiniUITests */ = {
			isa = PBXGroup;
			children = (
				5ED6F31629D53DCB00D5B00D /* TokoMiniUITests.swift */,
				5ED6F31829D53DCB00D5B00D /* TokoMiniUITestsLaunchTests.swift */,
			);
			path = TokoMiniUITests;
			sourceTree = "<group>";
		};
		5ED6F32A29D53E5D00D5B00D /* Frameworks */ = {
			isa = PBXGroup;
			children = (
				5ED6F32B29D53E5D00D5B00D /* WidgetKit.framework */,
				5ED6F32D29D53E5D00D5B00D /* SwiftUI.framework */,
			);
			name = Frameworks;
			sourceTree = "<group>";
		};
		5ED6F32F29D53E5D00D5B00D /* TokoMiniLockScreenWidget */ = {
			isa = PBXGroup;
			children = (
				5ED6F33029D53E5D00D5B00D /* TokoMiniLockScreenWidgetBundle.swift */,
				5ED6F33229D53E5D00D5B00D /* TokoMiniLockScreenWidget.swift */,
				5ED6F33429D53E5E00D5B00D /* Assets.xcassets */,
				5ED6F33629D53E5E00D5B00D /* Info.plist */,
				5ED6F33E29D5461D00D5B00D /* Order.swift */,
				5ED6F34029D546A300D5B00D /* TokoMiniLockScreenWidgetEntry.swift */,
				5ED6F34229D5471500D5B00D /* TokoMiniLockScreenWidgetProvider.swift */,
			);
			path = TokoMiniLockScreenWidget;
			sourceTree = "<group>";
		};
/* End PBXGroup section */

/* Begin PBXNativeTarget section */
		5ED6F2F129D53DC600D5B00D /* TokoMini */ = {
			isa = PBXNativeTarget;
			buildConfigurationList = 5ED6F31C29D53DCB00D5B00D /* Build configuration list for PBXNativeTarget "TokoMini" */;
			buildPhases = (
				5ED6F2EE29D53DC600D5B00D /* Sources */,
				5ED6F2EF29D53DC600D5B00D /* Frameworks */,
				5ED6F2F029D53DC600D5B00D /* Resources */,
				5ED6F33D29D53E5E00D5B00D /* Embed Foundation Extensions */,
			);
			buildRules = (
			);
			dependencies = (
				5ED6F33829D53E5E00D5B00D /* PBXTargetDependency */,
			);
			name = TokoMini;
			productName = TokoMini;
			productReference = 5ED6F2F229D53DC600D5B00D /* TokoMini.app */;
			productType = "com.apple.product-type.application";
		};
		5ED6F30729D53DCB00D5B00D /* TokoMiniTests */ = {
			isa = PBXNativeTarget;
			buildConfigurationList = 5ED6F31F29D53DCB00D5B00D /* Build configuration list for PBXNativeTarget "TokoMiniTests" */;
			buildPhases = (
				5ED6F30429D53DCB00D5B00D /* Sources */,
				5ED6F30529D53DCB00D5B00D /* Frameworks */,
				5ED6F30629D53DCB00D5B00D /* Resources */,
			);
			buildRules = (
			);
			dependencies = (
				5ED6F30A29D53DCB00D5B00D /* PBXTargetDependency */,
			);
			name = TokoMiniTests;
			productName = TokoMiniTests;
			productReference = 5ED6F30829D53DCB00D5B00D /* TokoMiniTests.xctest */;
			productType = "com.apple.product-type.bundle.unit-test";
		};
		5ED6F31129D53DCB00D5B00D /* TokoMiniUITests */ = {
			isa = PBXNativeTarget;
			buildConfigurationList = 5ED6F32229D53DCB00D5B00D /* Build configuration list for PBXNativeTarget "TokoMiniUITests" */;
			buildPhases = (
				5ED6F30E29D53DCB00D5B00D /* Sources */,
				5ED6F30F29D53DCB00D5B00D /* Frameworks */,
				5ED6F31029D53DCB00D5B00D /* Resources */,
			);
			buildRules = (
			);
			dependencies = (
				5ED6F31429D53DCB00D5B00D /* PBXTargetDependency */,
			);
			name = TokoMiniUITests;
			productName = TokoMiniUITests;
			productReference = 5ED6F31229D53DCB00D5B00D /* TokoMiniUITests.xctest */;
			productType = "com.apple.product-type.bundle.ui-testing";
		};
		5ED6F32829D53E5D00D5B00D /* TokoMiniLockScreenWidgetExtension */ = {
			isa = PBXNativeTarget;
			buildConfigurationList = 5ED6F33A29D53E5E00D5B00D /* Build configuration list for PBXNativeTarget "TokoMiniLockScreenWidgetExtension" */;
			buildPhases = (
				5ED6F32529D53E5D00D5B00D /* Sources */,
				5ED6F32629D53E5D00D5B00D /* Frameworks */,
				5ED6F32729D53E5D00D5B00D /* Resources */,
			);
			buildRules = (
			);
			dependencies = (
			);
			name = TokoMiniLockScreenWidgetExtension;
			productName = TokoMiniLockScreenWidgetExtension;
			productReference = 5ED6F32929D53E5D00D5B00D /* TokoMiniLockScreenWidgetExtension.appex */;
			productType = "com.apple.product-type.app-extension";
		};
/* End PBXNativeTarget section */

/* Begin PBXProject section */
		5ED6F2EA29D53DC600D5B00D /* Project object */ = {
			isa = PBXProject;
			attributes = {
				BuildIndependentTargetsInParallel = 1;
				LastSwiftUpdateCheck = 1410;
				LastUpgradeCheck = 1410;
				TargetAttributes = {
					5ED6F2F129D53DC600D5B00D = {
						CreatedOnToolsVersion = 14.1;
					};
					5ED6F30729D53DCB00D5B00D = {
						CreatedOnToolsVersion = 14.1;
						TestTargetID = 5ED6F2F129D53DC600D5B00D;
					};
					5ED6F31129D53DCB00D5B00D = {
						CreatedOnToolsVersion = 14.1;
						TestTargetID = 5ED6F2F129D53DC600D5B00D;
					};
					5ED6F32829D53E5D00D5B00D = {
						CreatedOnToolsVersion = 14.1;
					};
				};
			};
			buildConfigurationList = 5ED6F2ED29D53DC600D5B00D /* Build configuration list for PBXProject "TokoMini" */;
			compatibilityVersion = "Xcode 14.0";
			developmentRegion = en;
			hasScannedForEncodings = 0;
			knownRegions = (
				en,
				Base,
			);
			mainGroup = 5ED6F2E929D53DC600D5B00D;
			productRefGroup = 5ED6F2F329D53DC600D5B00D /* Products */;
			projectDirPath = "";
			projectRoot = "";
			targets = (
				5ED6F2F129D53DC600D5B00D /* TokoMini */,
				5ED6F30729D53DCB00D5B00D /* TokoMiniTests */,
				5ED6F31129D53DCB00D5B00D /* TokoMiniUITests */,
				5ED6F32829D53E5D00D5B00D /* TokoMiniLockScreenWidgetExtension */,
			);
		};
/* End PBXProject section */

/* Begin PBXResourcesBuildPhase section */
		5ED6F2F029D53DC600D5B00D /* Resources */ = {
			isa = PBXResourcesBuildPhase;
			buildActionMask = 2147483647;
			files = (
				5ED6F30229D53DCB00D5B00D /* LaunchScreen.storyboard in Resources */,
				5ED6F2FF29D53DCB00D5B00D /* Assets.xcassets in Resources */,
				5ED6F2FD29D53DC600D5B00D /* Main.storyboard in Resources */,
			);
			runOnlyForDeploymentPostprocessing = 0;
		};
		5ED6F30629D53DCB00D5B00D /* Resources */ = {
			isa = PBXResourcesBuildPhase;
			buildActionMask = 2147483647;
			files = (
			);
			runOnlyForDeploymentPostprocessing = 0;
		};
		5ED6F31029D53DCB00D5B00D /* Resources */ = {
			isa = PBXResourcesBuildPhase;
			buildActionMask = 2147483647;
			files = (
			);
			runOnlyForDeploymentPostprocessing = 0;
		};
		5ED6F32729D53E5D00D5B00D /* Resources */ = {
			isa = PBXResourcesBuildPhase;
			buildActionMask = 2147483647;
			files = (
				5ED6F33529D53E5E00D5B00D /* Assets.xcassets in Resources */,
			);
			runOnlyForDeploymentPostprocessing = 0;
		};
/* End PBXResourcesBuildPhase section */

/* Begin PBXSourcesBuildPhase section */
		5ED6F2EE29D53DC600D5B00D /* Sources */ = {
			isa = PBXSourcesBuildPhase;
			buildActionMask = 2147483647;
			files = (
				5ED6F2FA29D53DC600D5B00D /* ViewController.swift in Sources */,
				5ED6F2F629D53DC600D5B00D /* AppDelegate.swift in Sources */,
				5ED6F2F829D53DC600D5B00D /* SceneDelegate.swift in Sources */,
			);
			runOnlyForDeploymentPostprocessing = 0;
		};
		5ED6F30429D53DCB00D5B00D /* Sources */ = {
			isa = PBXSourcesBuildPhase;
			buildActionMask = 2147483647;
			files = (
				5ED6F30D29D53DCB00D5B00D /* TokoMiniTests.swift in Sources */,
			);
			runOnlyForDeploymentPostprocessing = 0;
		};
		5ED6F30E29D53DCB00D5B00D /* Sources */ = {
			isa = PBXSourcesBuildPhase;
			buildActionMask = 2147483647;
			files = (
				5ED6F31929D53DCB00D5B00D /* TokoMiniUITestsLaunchTests.swift in Sources */,
				5ED6F31729D53DCB00D5B00D /* TokoMiniUITests.swift in Sources */,
			);
			runOnlyForDeploymentPostprocessing = 0;
		};
		5ED6F32529D53E5D00D5B00D /* Sources */ = {
			isa = PBXSourcesBuildPhase;
			buildActionMask = 2147483647;
			files = (
				5ED6F33F29D5461D00D5B00D /* Order.swift in Sources */,
				5ED6F33329D53E5D00D5B00D /* TokoMiniLockScreenWidget.swift in Sources */,
				5ED6F34329D5471500D5B00D /* TokoMiniLockScreenWidgetProvider.swift in Sources */,
				5ED6F33129D53E5D00D5B00D /* TokoMiniLockScreenWidgetBundle.swift in Sources */,
				5ED6F34129D546A300D5B00D /* TokoMiniLockScreenWidgetEntry.swift in Sources */,
			);
			runOnlyForDeploymentPostprocessing = 0;
		};
/* End PBXSourcesBuildPhase section */

/* Begin PBXTargetDependency section */
		5ED6F30A29D53DCB00D5B00D /* PBXTargetDependency */ = {
			isa = PBXTargetDependency;
			target = 5ED6F2F129D53DC600D5B00D /* TokoMini */;
			targetProxy = 5ED6F30929D53DCB00D5B00D /* PBXContainerItemProxy */;
		};
		5ED6F31429D53DCB00D5B00D /* PBXTargetDependency */ = {
			isa = PBXTargetDependency;
			target = 5ED6F2F129D53DC600D5B00D /* TokoMini */;
			targetProxy = 5ED6F31329D53DCB00D5B00D /* PBXContainerItemProxy */;
		};
		5ED6F33829D53E5E00D5B00D /* PBXTargetDependency */ = {
			isa = PBXTargetDependency;
			target = 5ED6F32829D53E5D00D5B00D /* TokoMiniLockScreenWidgetExtension */;
			targetProxy = 5ED6F33729D53E5E00D5B00D /* PBXContainerItemProxy */;
		};
/* End PBXTargetDependency section */

/* Begin PBXVariantGroup section */
		5ED6F2FB29D53DC600D5B00D /* Main.storyboard */ = {
			isa = PBXVariantGroup;
			children = (
				5ED6F2FC29D53DC600D5B00D /* Base */,
			);
			name = Main.storyboard;
			sourceTree = "<group>";
		};
		5ED6F30029D53DCB00D5B00D /* LaunchScreen.storyboard */ = {
			isa = PBXVariantGroup;
			children = (
				5ED6F30129D53DCB00D5B00D /* Base */,
			);
			name = LaunchScreen.storyboard;
			sourceTree = "<group>";
		};
/* End PBXVariantGroup section */

/* Begin XCBuildConfiguration section */
		5ED6F31A29D53DCB00D5B00D /* Debug */ = {
			isa = XCBuildConfiguration;
			buildSettings = {
				ALWAYS_SEARCH_USER_PATHS = NO;
				CLANG_ANALYZER_NONNULL = YES;
				CLANG_ANALYZER_NUMBER_OBJECT_CONVERSION = YES_AGGRESSIVE;
				CLANG_CXX_LANGUAGE_STANDARD = "gnu++20";
				CLANG_ENABLE_MODULES = YES;
				CLANG_ENABLE_OBJC_ARC = YES;
				CLANG_ENABLE_OBJC_WEAK = YES;
				CLANG_WARN_BLOCK_CAPTURE_AUTORELEASING = YES;
				CLANG_WARN_BOOL_CONVERSION = YES;
				CLANG_WARN_COMMA = YES;
				CLANG_WARN_CONSTANT_CONVERSION = YES;
				CLANG_WARN_DEPRECATED_OBJC_IMPLEMENTATIONS = YES;
				CLANG_WARN_DIRECT_OBJC_ISA_USAGE = YES_ERROR;
				CLANG_WARN_DOCUMENTATION_COMMENTS = YES;
				CLANG_WARN_EMPTY_BODY = YES;
				CLANG_WARN_ENUM_CONVERSION = YES;
				CLANG_WARN_INFINITE_RECURSION = YES;
				CLANG_WARN_INT_CONVERSION = YES;
				CLANG_WARN_NON_LITERAL_NULL_CONVERSION = YES;
				CLANG_WARN_OBJC_IMPLICIT_RETAIN_SELF = YES;
				CLANG_WARN_OBJC_LITERAL_CONVERSION = YES;
				CLANG_WARN_OBJC_ROOT_CLASS = YES_ERROR;
				CLANG_WARN_QUOTED_INCLUDE_IN_FRAMEWORK_HEADER = YES;
				CLANG_WARN_RANGE_LOOP_ANALYSIS = YES;
				CLANG_WARN_STRICT_PROTOTYPES = YES;
				CLANG_WARN_SUSPICIOUS_MOVE = YES;
				CLANG_WARN_UNGUARDED_AVAILABILITY = YES_AGGRESSIVE;
				CLANG_WARN_UNREACHABLE_CODE = YES;
				CLANG_WARN__DUPLICATE_METHOD_MATCH = YES;
				COPY_PHASE_STRIP = NO;
				DEBUG_INFORMATION_FORMAT = dwarf;
				ENABLE_STRICT_OBJC_MSGSEND = YES;
				ENABLE_TESTABILITY = YES;
				GCC_C_LANGUAGE_STANDARD = gnu11;
				GCC_DYNAMIC_NO_PIC = NO;
				GCC_NO_COMMON_BLOCKS = YES;
				GCC_OPTIMIZATION_LEVEL = 0;
				GCC_PREPROCESSOR_DEFINITIONS = (
					"DEBUG=1",
					"$(inherited)",
				);
				GCC_WARN_64_TO_32_BIT_CONVERSION = YES;
				GCC_WARN_ABOUT_RETURN_TYPE = YES_ERROR;
				GCC_WARN_UNDECLARED_SELECTOR = YES;
				GCC_WARN_UNINITIALIZED_AUTOS = YES_AGGRESSIVE;
				GCC_WARN_UNUSED_FUNCTION = YES;
				GCC_WARN_UNUSED_VARIABLE = YES;
				IPHONEOS_DEPLOYMENT_TARGET = 16.1;
				MTL_ENABLE_DEBUG_INFO = INCLUDE_SOURCE;
				MTL_FAST_MATH = YES;
				ONLY_ACTIVE_ARCH = YES;
				SDKROOT = iphoneos;
				SWIFT_ACTIVE_COMPILATION_CONDITIONS = DEBUG;
				SWIFT_OPTIMIZATION_LEVEL = "-Onone";
			};
			name = Debug;
		};
		5ED6F31B29D53DCB00D5B00D /* Release */ = {
			isa = XCBuildConfiguration;
			buildSettings = {
				ALWAYS_SEARCH_USER_PATHS = NO;
				CLANG_ANALYZER_NONNULL = YES;
				CLANG_ANALYZER_NUMBER_OBJECT_CONVERSION = YES_AGGRESSIVE;
				CLANG_CXX_LANGUAGE_STANDARD = "gnu++20";
				CLANG_ENABLE_MODULES = YES;
				CLANG_ENABLE_OBJC_ARC = YES;
				CLANG_ENABLE_OBJC_WEAK = YES;
				CLANG_WARN_BLOCK_CAPTURE_AUTORELEASING = YES;
				CLANG_WARN_BOOL_CONVERSION = YES;
				CLANG_WARN_COMMA = YES;
				CLANG_WARN_CONSTANT_CONVERSION = YES;
				CLANG_WARN_DEPRECATED_OBJC_IMPLEMENTATIONS = YES;
				CLANG_WARN_DIRECT_OBJC_ISA_USAGE = YES_ERROR;
				CLANG_WARN_DOCUMENTATION_COMMENTS = YES;
				CLANG_WARN_EMPTY_BODY = YES;
				CLANG_WARN_ENUM_CONVERSION = YES;
				CLANG_WARN_INFINITE_RECURSION = YES;
				CLANG_WARN_INT_CONVERSION = YES;
				CLANG_WARN_NON_LITERAL_NULL_CONVERSION = YES;
				CLANG_WARN_OBJC_IMPLICIT_RETAIN_SELF = YES;
				CLANG_WARN_OBJC_LITERAL_CONVERSION = YES;
				CLANG_WARN_OBJC_ROOT_CLASS = YES_ERROR;
				CLANG_WARN_QUOTED_INCLUDE_IN_FRAMEWORK_HEADER = YES;
				CLANG_WARN_RANGE_LOOP_ANALYSIS = YES;
				CLANG_WARN_STRICT_PROTOTYPES = YES;
				CLANG_WARN_SUSPICIOUS_MOVE = YES;
				CLANG_WARN_UNGUARDED_AVAILABILITY = YES_AGGRESSIVE;
				CLANG_WARN_UNREACHABLE_CODE = YES;
				CLANG_WARN__DUPLICATE_METHOD_MATCH = YES;
				COPY_PHASE_STRIP = NO;
				DEBUG_INFORMATION_FORMAT = "dwarf-with-dsym";
				ENABLE_NS_ASSERTIONS = NO;
				ENABLE_STRICT_OBJC_MSGSEND = YES;
				GCC_C_LANGUAGE_STANDARD = gnu11;
				GCC_NO_COMMON_BLOCKS = YES;
				GCC_WARN_64_TO_32_BIT_CONVERSION = YES;
				GCC_WARN_ABOUT_RETURN_TYPE = YES_ERROR;
				GCC_WARN_UNDECLARED_SELECTOR = YES;
				GCC_WARN_UNINITIALIZED_AUTOS = YES_AGGRESSIVE;
				GCC_WARN_UNUSED_FUNCTION = YES;
				GCC_WARN_UNUSED_VARIABLE = YES;
				IPHONEOS_DEPLOYMENT_TARGET = 16.1;
				MTL_ENABLE_DEBUG_INFO = NO;
				MTL_FAST_MATH = YES;
				SDKROOT = iphoneos;
				SWIFT_COMPILATION_MODE = wholemodule;
				SWIFT_OPTIMIZATION_LEVEL = "-O";
				VALIDATE_PRODUCT = YES;
			};
			name = Release;
		};
		5ED6F31D29D53DCB00D5B00D /* Debug */ = {
			isa = XCBuildConfiguration;
			buildSettings = {
				ALWAYS_EMBED_SWIFT_STANDARD_LIBRARIES = YES;
				ASSETCATALOG_COMPILER_APPICON_NAME = AppIcon;
				ASSETCATALOG_COMPILER_GLOBAL_ACCENT_COLOR_NAME = AccentColor;
				CODE_SIGN_STYLE = Automatic;
				CURRENT_PROJECT_VERSION = 1;
				DEVELOPMENT_TEAM = AM9KG4TB3A;
				GENERATE_INFOPLIST_FILE = YES;
				INFOPLIST_FILE = TokoMini/Info.plist;
				INFOPLIST_KEY_UIApplicationSupportsIndirectInputEvents = YES;
				INFOPLIST_KEY_UILaunchStoryboardName = LaunchScreen;
				INFOPLIST_KEY_UIMainStoryboardFile = Main;
				INFOPLIST_KEY_UISupportedInterfaceOrientations = UIInterfaceOrientationPortrait;
				IPHONEOS_DEPLOYMENT_TARGET = 16.0;
				LD_RUNPATH_SEARCH_PATHS = (
					"$(inherited)",
					"@executable_path/Frameworks",
				);
				MARKETING_VERSION = 1.0;
				PRODUCT_BUNDLE_IDENTIFIER = com.adisurya.TokoMini;
				PRODUCT_NAME = "$(TARGET_NAME)";
				SWIFT_EMIT_LOC_STRINGS = YES;
				SWIFT_VERSION = 5.0;
				TARGETED_DEVICE_FAMILY = "1,2";
			};
			name = Debug;
		};
		5ED6F31E29D53DCB00D5B00D /* Release */ = {
			isa = XCBuildConfiguration;
			buildSettings = {
				ALWAYS_EMBED_SWIFT_STANDARD_LIBRARIES = YES;
				ASSETCATALOG_COMPILER_APPICON_NAME = AppIcon;
				ASSETCATALOG_COMPILER_GLOBAL_ACCENT_COLOR_NAME = AccentColor;
				CODE_SIGN_STYLE = Automatic;
				CURRENT_PROJECT_VERSION = 1;
				DEVELOPMENT_TEAM = AM9KG4TB3A;
				GENERATE_INFOPLIST_FILE = YES;
				INFOPLIST_FILE = TokoMini/Info.plist;
				INFOPLIST_KEY_UIApplicationSupportsIndirectInputEvents = YES;
				INFOPLIST_KEY_UILaunchStoryboardName = LaunchScreen;
				INFOPLIST_KEY_UIMainStoryboardFile = Main;
				INFOPLIST_KEY_UISupportedInterfaceOrientations = UIInterfaceOrientationPortrait;
				IPHONEOS_DEPLOYMENT_TARGET = 16.0;
				LD_RUNPATH_SEARCH_PATHS = (
					"$(inherited)",
					"@executable_path/Frameworks",
				);
				MARKETING_VERSION = 1.0;
				PRODUCT_BUNDLE_IDENTIFIER = com.adisurya.TokoMini;
				PRODUCT_NAME = "$(TARGET_NAME)";
				SWIFT_EMIT_LOC_STRINGS = YES;
				SWIFT_VERSION = 5.0;
				TARGETED_DEVICE_FAMILY = "1,2";
			};
			name = Release;
		};
		5ED6F32029D53DCB00D5B00D /* Debug */ = {
			isa = XCBuildConfiguration;
			buildSettings = {
				ALWAYS_EMBED_SWIFT_STANDARD_LIBRARIES = YES;
				BUNDLE_LOADER = "$(TEST_HOST)";
				CODE_SIGN_STYLE = Automatic;
				CURRENT_PROJECT_VERSION = 1;
				DEVELOPMENT_TEAM = AM9KG4TB3A;
				GENERATE_INFOPLIST_FILE = YES;
				IPHONEOS_DEPLOYMENT_TARGET = 16.1;
				MARKETING_VERSION = 1.0;
				PRODUCT_BUNDLE_IDENTIFIER = com.adisurya.TokoMiniTests;
				PRODUCT_NAME = "$(TARGET_NAME)";
				SWIFT_EMIT_LOC_STRINGS = NO;
				SWIFT_VERSION = 5.0;
				TARGETED_DEVICE_FAMILY = "1,2";
				TEST_HOST = "$(BUILT_PRODUCTS_DIR)/TokoMini.app/$(BUNDLE_EXECUTABLE_FOLDER_PATH)/TokoMini";
			};
			name = Debug;
		};
		5ED6F32129D53DCB00D5B00D /* Release */ = {
			isa = XCBuildConfiguration;
			buildSettings = {
				ALWAYS_EMBED_SWIFT_STANDARD_LIBRARIES = YES;
				BUNDLE_LOADER = "$(TEST_HOST)";
				CODE_SIGN_STYLE = Automatic;
				CURRENT_PROJECT_VERSION = 1;
				DEVELOPMENT_TEAM = AM9KG4TB3A;
				GENERATE_INFOPLIST_FILE = YES;
				IPHONEOS_DEPLOYMENT_TARGET = 16.1;
				MARKETING_VERSION = 1.0;
				PRODUCT_BUNDLE_IDENTIFIER = com.adisurya.TokoMiniTests;
				PRODUCT_NAME = "$(TARGET_NAME)";
				SWIFT_EMIT_LOC_STRINGS = NO;
				SWIFT_VERSION = 5.0;
				TARGETED_DEVICE_FAMILY = "1,2";
				TEST_HOST = "$(BUILT_PRODUCTS_DIR)/TokoMini.app/$(BUNDLE_EXECUTABLE_FOLDER_PATH)/TokoMini";
			};
			name = Release;
		};
		5ED6F32329D53DCB00D5B00D /* Debug */ = {
			isa = XCBuildConfiguration;
			buildSettings = {
				ALWAYS_EMBED_SWIFT_STANDARD_LIBRARIES = YES;
				CODE_SIGN_STYLE = Automatic;
				CURRENT_PROJECT_VERSION = 1;
				DEVELOPMENT_TEAM = AM9KG4TB3A;
				GENERATE_INFOPLIST_FILE = YES;
				MARKETING_VERSION = 1.0;
				PRODUCT_BUNDLE_IDENTIFIER = com.adisurya.TokoMiniUITests;
				PRODUCT_NAME = "$(TARGET_NAME)";
				SWIFT_EMIT_LOC_STRINGS = NO;
				SWIFT_VERSION = 5.0;
				TARGETED_DEVICE_FAMILY = "1,2";
				TEST_TARGET_NAME = TokoMini;
			};
			name = Debug;
		};
		5ED6F32429D53DCB00D5B00D /* Release */ = {
			isa = XCBuildConfiguration;
			buildSettings = {
				ALWAYS_EMBED_SWIFT_STANDARD_LIBRARIES = YES;
				CODE_SIGN_STYLE = Automatic;
				CURRENT_PROJECT_VERSION = 1;
				DEVELOPMENT_TEAM = AM9KG4TB3A;
				GENERATE_INFOPLIST_FILE = YES;
				MARKETING_VERSION = 1.0;
				PRODUCT_BUNDLE_IDENTIFIER = com.adisurya.TokoMiniUITests;
				PRODUCT_NAME = "$(TARGET_NAME)";
				SWIFT_EMIT_LOC_STRINGS = NO;
				SWIFT_VERSION = 5.0;
				TARGETED_DEVICE_FAMILY = "1,2";
				TEST_TARGET_NAME = TokoMini;
			};
			name = Release;
		};
		5ED6F33B29D53E5E00D5B00D /* Debug */ = {
			isa = XCBuildConfiguration;
			buildSettings = {
				ASSETCATALOG_COMPILER_GLOBAL_ACCENT_COLOR_NAME = AccentColor;
				ASSETCATALOG_COMPILER_WIDGET_BACKGROUND_COLOR_NAME = WidgetBackground;
				CODE_SIGN_STYLE = Automatic;
				CURRENT_PROJECT_VERSION = 1;
				DEVELOPMENT_TEAM = AM9KG4TB3A;
				GENERATE_INFOPLIST_FILE = YES;
				INFOPLIST_FILE = TokoMiniLockScreenWidget/Info.plist;
				INFOPLIST_KEY_CFBundleDisplayName = TokoMiniLockScreenWidget;
				INFOPLIST_KEY_NSHumanReadableCopyright = "";
				LD_RUNPATH_SEARCH_PATHS = (
					"$(inherited)",
					"@executable_path/Frameworks",
					"@executable_path/../../Frameworks",
				);
				MARKETING_VERSION = 1.0;
				PRODUCT_BUNDLE_IDENTIFIER = com.adisurya.TokoMini.TokoMiniLockScreenWidget;
				PRODUCT_NAME = "$(TARGET_NAME)";
				SKIP_INSTALL = YES;
				SWIFT_EMIT_LOC_STRINGS = YES;
				SWIFT_VERSION = 5.0;
				TARGETED_DEVICE_FAMILY = "1,2";
			};
			name = Debug;
		};
		5ED6F33C29D53E5E00D5B00D /* Release */ = {
			isa = XCBuildConfiguration;
			buildSettings = {
				ASSETCATALOG_COMPILER_GLOBAL_ACCENT_COLOR_NAME = AccentColor;
				ASSETCATALOG_COMPILER_WIDGET_BACKGROUND_COLOR_NAME = WidgetBackground;
				CODE_SIGN_STYLE = Automatic;
				CURRENT_PROJECT_VERSION = 1;
				DEVELOPMENT_TEAM = AM9KG4TB3A;
				GENERATE_INFOPLIST_FILE = YES;
				INFOPLIST_FILE = TokoMiniLockScreenWidget/Info.plist;
				INFOPLIST_KEY_CFBundleDisplayName = TokoMiniLockScreenWidget;
				INFOPLIST_KEY_NSHumanReadableCopyright = "";
				LD_RUNPATH_SEARCH_PATHS = (
					"$(inherited)",
					"@executable_path/Frameworks",
					"@executable_path/../../Frameworks",
				);
				MARKETING_VERSION = 1.0;
				PRODUCT_BUNDLE_IDENTIFIER = com.adisurya.TokoMini.TokoMiniLockScreenWidget;
				PRODUCT_NAME = "$(TARGET_NAME)";
				SKIP_INSTALL = YES;
				SWIFT_EMIT_LOC_STRINGS = YES;
				SWIFT_VERSION = 5.0;
				TARGETED_DEVICE_FAMILY = "1,2";
			};
			name = Release;
		};
/* End XCBuildConfiguration section */

/* Begin XCConfigurationList section */
		5ED6F2ED29D53DC600D5B00D /* Build configuration list for PBXProject "TokoMini" */ = {
			isa = XCConfigurationList;
			buildConfigurations = (
				5ED6F31A29D53DCB00D5B00D /* Debug */,
				5ED6F31B29D53DCB00D5B00D /* Release */,
			);
			defaultConfigurationIsVisible = 0;
			defaultConfigurationName = Release;
		};
		5ED6F31C29D53DCB00D5B00D /* Build configuration list for PBXNativeTarget "TokoMini" */ = {
			isa = XCConfigurationList;
			buildConfigurations = (
				5ED6F31D29D53DCB00D5B00D /* Debug */,
				5ED6F31E29D53DCB00D5B00D /* Release */,
			);
			defaultConfigurationIsVisible = 0;
			defaultConfigurationName = Release;
		};
		5ED6F31F29D53DCB00D5B00D /* Build configuration list for PBXNativeTarget "TokoMiniTests" */ = {
			isa = XCConfigurationList;
			buildConfigurations = (
				5ED6F32029D53DCB00D5B00D /* Debug */,
				5ED6F32129D53DCB00D5B00D /* Release */,
			);
			defaultConfigurationIsVisible = 0;
			defaultConfigurationName = Release;
		};
		5ED6F32229D53DCB00D5B00D /* Build configuration list for PBXNativeTarget "TokoMiniUITests" */ = {
			isa = XCConfigurationList;
			buildConfigurations = (
				5ED6F32329D53DCB00D5B00D /* Debug */,
				5ED6F32429D53DCB00D5B00D /* Release */,
			);
			defaultConfigurationIsVisible = 0;
			defaultConfigurationName = Release;
		};
		5ED6F33A29D53E5E00D5B00D /* Build configuration list for PBXNativeTarget "TokoMiniLockScreenWidgetExtension" */ = {
			isa = XCConfigurationList;
			buildConfigurations = (
				5ED6F33B29D53E5E00D5B00D /* Debug */,
				5ED6F33C29D53E5E00D5B00D /* Release */,
			);
			defaultConfigurationIsVisible = 0;
			defaultConfigurationName = Release;
		};
/* End XCConfigurationList section */
	};
	rootObject = 5ED6F2EA29D53DC600D5B00D /* Project object */;
}
